// !$*UTF8*$!
{
	archiveVersion = 1;
	classes = {
	};
	objectVersion = 46;
	objects = {

/* Begin PBXBuildFile section */
		8191768C1CFA49D10079BDDC /* main.m in Sources */ = {isa = PBXBuildFile; fileRef = 8191768B1CFA49D10079BDDC /* main.m */; };
		8191768F1CFA49D10079BDDC /* AppDelegate.m in Sources */ = {isa = PBXBuildFile; fileRef = 8191768E1CFA49D10079BDDC /* AppDelegate.m */; };
		819176921CFA49D10079BDDC /* ViewController.m in Sources */ = {isa = PBXBuildFile; fileRef = 819176911CFA49D10079BDDC /* ViewController.m */; };
		819176971CFA49D10079BDDC /* Assets.xcassets in Resources */ = {isa = PBXBuildFile; fileRef = 819176961CFA49D10079BDDC /* Assets.xcassets */; };
		8191769A1CFA49D10079BDDC /* LaunchScreen.storyboard in Resources */ = {isa = PBXBuildFile; fileRef = 819176981CFA49D10079BDDC /* LaunchScreen.storyboard */; };
		819176BE1CFA4AAA0079BDDC /* HMWaterflowView.m in Sources */ = {isa = PBXBuildFile; fileRef = 819176A31CFA4AAA0079BDDC /* HMWaterflowView.m */; };
		819176BF1CFA4AAA0079BDDC /* HMWaterflowViewCell.m in Sources */ = {isa = PBXBuildFile; fileRef = 819176A51CFA4AAA0079BDDC /* HMWaterflowViewCell.m */; };
		819176C01CFA4AAA0079BDDC /* MJArgument.m in Sources */ = {isa = PBXBuildFile; fileRef = 819176A81CFA4AAA0079BDDC /* MJArgument.m */; };
		819176C11CFA4AAA0079BDDC /* MJConst.m in Sources */ = {isa = PBXBuildFile; fileRef = 819176AA1CFA4AAA0079BDDC /* MJConst.m */; };
		819176C21CFA4AAA0079BDDC /* MJFoundation.m in Sources */ = {isa = PBXBuildFile; fileRef = 819176AD1CFA4AAA0079BDDC /* MJFoundation.m */; };
		819176C31CFA4AAA0079BDDC /* MJIvar.m in Sources */ = {isa = PBXBuildFile; fileRef = 819176AF1CFA4AAA0079BDDC /* MJIvar.m */; };
		819176C41CFA4AAA0079BDDC /* MJMember.m in Sources */ = {isa = PBXBuildFile; fileRef = 819176B11CFA4AAA0079BDDC /* MJMember.m */; };
		819176C51CFA4AAA0079BDDC /* MJMethod.m in Sources */ = {isa = PBXBuildFile; fileRef = 819176B31CFA4AAA0079BDDC /* MJMethod.m */; };
		819176C61CFA4AAA0079BDDC /* MJType.m in Sources */ = {isa = PBXBuildFile; fileRef = 819176B51CFA4AAA0079BDDC /* MJType.m */; };
		819176C71CFA4AAA0079BDDC /* MJTypeEncoding.m in Sources */ = {isa = PBXBuildFile; fileRef = 819176B71CFA4AAA0079BDDC /* MJTypeEncoding.m */; };
		819176C81CFA4AAA0079BDDC /* NSObject+MJCoding.m in Sources */ = {isa = PBXBuildFile; fileRef = 819176B91CFA4AAA0079BDDC /* NSObject+MJCoding.m */; };
		819176C91CFA4AAA0079BDDC /* NSObject+MJKeyValue.m in Sources */ = {isa = PBXBuildFile; fileRef = 819176BB1CFA4AAA0079BDDC /* NSObject+MJKeyValue.m */; };
		819176CA1CFA4AAA0079BDDC /* NSObject+MJMember.m in Sources */ = {isa = PBXBuildFile; fileRef = 819176BD1CFA4AAA0079BDDC /* NSObject+MJMember.m */; };
		819176CD1CFA4AF10079BDDC /* 1.plist in Resources */ = {isa = PBXBuildFile; fileRef = 819176CB1CFA4AF10079BDDC /* 1.plist */; };
		819176CE1CFA4AF10079BDDC /* 2.plist in Resources */ = {isa = PBXBuildFile; fileRef = 819176CC1CFA4AF10079BDDC /* 2.plist */; };
		819176DB1CFA50840079BDDC /* HBXFirstViewController.m in Sources */ = {isa = PBXBuildFile; fileRef = 819176D91CFA50840079BDDC /* HBXFirstViewController.m */; };
		819176DC1CFA50840079BDDC /* HBXFirstViewController.xib in Resources */ = {isa = PBXBuildFile; fileRef = 819176DA1CFA50840079BDDC /* HBXFirstViewController.xib */; };
		819176DF1CFA51A10079BDDC /* HBXWaterFlowViewController.m in Sources */ = {isa = PBXBuildFile; fileRef = 819176DE1CFA51A10079BDDC /* HBXWaterFlowViewController.m */; };
/* End PBXBuildFile section */

/* Begin PBXFileReference section */
		819176871CFA49D10079BDDC /* HMWaterflow.app */ = {isa = PBXFileReference; explicitFileType = wrapper.application; includeInIndex = 0; path = HMWaterflow.app; sourceTree = BUILT_PRODUCTS_DIR; };
		8191768B1CFA49D10079BDDC /* main.m */ = {isa = PBXFileReference; lastKnownFileType = sourcecode.c.objc; path = main.m; sourceTree = "<group>"; };
		8191768D1CFA49D10079BDDC /* AppDelegate.h */ = {isa = PBXFileReference; lastKnownFileType = sourcecode.c.h; path = AppDelegate.h; sourceTree = "<group>"; };
		8191768E1CFA49D10079BDDC /* AppDelegate.m */ = {isa = PBXFileReference; lastKnownFileType = sourcecode.c.objc; path = AppDelegate.m; sourceTree = "<group>"; };
		819176901CFA49D10079BDDC /* ViewController.h */ = {isa = PBXFileReference; lastKnownFileType = sourcecode.c.h; path = ViewController.h; sourceTree = "<group>"; };
		819176911CFA49D10079BDDC /* ViewController.m */ = {isa = PBXFileReference; lastKnownFileType = sourcecode.c.objc; path = ViewController.m; sourceTree = "<group>"; };
		819176961CFA49D10079BDDC /* Assets.xcassets */ = {isa = PBXFileReference; lastKnownFileType = folder.assetcatalog; path = Assets.xcassets; sourceTree = "<group>"; };
		819176991CFA49D10079BDDC /* Base */ = {isa = PBXFileReference; lastKnownFileType = file.storyboard; name = Base; path = Base.lproj/LaunchScreen.storyboard; sourceTree = "<group>"; };
		8191769B1CFA49D10079BDDC /* Info.plist */ = {isa = PBXFileReference; lastKnownFileType = text.plist.xml; path = Info.plist; sourceTree = "<group>"; };
		819176A21CFA4AAA0079BDDC /* HMWaterflowView.h */ = {isa = PBXFileReference; fileEncoding = 4; lastKnownFileType = sourcecode.c.h; path = HMWaterflowView.h; sourceTree = "<group>"; };
		819176A31CFA4AAA0079BDDC /* HMWaterflowView.m */ = {isa = PBXFileReference; fileEncoding = 4; lastKnownFileType = sourcecode.c.objc; path = HMWaterflowView.m; sourceTree = "<group>"; };
		819176A41CFA4AAA0079BDDC /* HMWaterflowViewCell.h */ = {isa = PBXFileReference; fileEncoding = 4; lastKnownFileType = sourcecode.c.h; path = HMWaterflowViewCell.h; sourceTree = "<group>"; };
		819176A51CFA4AAA0079BDDC /* HMWaterflowViewCell.m */ = {isa = PBXFileReference; fileEncoding = 4; lastKnownFileType = sourcecode.c.objc; path = HMWaterflowViewCell.m; sourceTree = "<group>"; };
		819176A71CFA4AAA0079BDDC /* MJArgument.h */ = {isa = PBXFileReference; fileEncoding = 4; lastKnownFileType = sourcecode.c.h; path = MJArgument.h; sourceTree = "<group>"; };
		819176A81CFA4AAA0079BDDC /* MJArgument.m */ = {isa = PBXFileReference; fileEncoding = 4; lastKnownFileType = sourcecode.c.objc; path = MJArgument.m; sourceTree = "<group>"; };
		819176A91CFA4AAA0079BDDC /* MJConst.h */ = {isa = PBXFileReference; fileEncoding = 4; lastKnownFileType = sourcecode.c.h; path = MJConst.h; sourceTree = "<group>"; };
		819176AA1CFA4AAA0079BDDC /* MJConst.m */ = {isa = PBXFileReference; fileEncoding = 4; lastKnownFileType = sourcecode.c.objc; path = MJConst.m; sourceTree = "<group>"; };
		819176AB1CFA4AAA0079BDDC /* MJExtension.h */ = {isa = PBXFileReference; fileEncoding = 4; lastKnownFileType = sourcecode.c.h; path = MJExtension.h; sourceTree = "<group>"; };
		819176AC1CFA4AAA0079BDDC /* MJFoundation.h */ = {isa = PBXFileReference; fileEncoding = 4; lastKnownFileType = sourcecode.c.h; path = MJFoundation.h; sourceTree = "<group>"; };
		819176AD1CFA4AAA0079BDDC /* MJFoundation.m */ = {isa = PBXFileReference; fileEncoding = 4; lastKnownFileType = sourcecode.c.objc; path = MJFoundation.m; sourceTree = "<group>"; };
		819176AE1CFA4AAA0079BDDC /* MJIvar.h */ = {isa = PBXFileReference; fileEncoding = 4; lastKnownFileType = sourcecode.c.h; path = MJIvar.h; sourceTree = "<group>"; };
		819176AF1CFA4AAA0079BDDC /* MJIvar.m */ = {isa = PBXFileReference; fileEncoding = 4; lastKnownFileType = sourcecode.c.objc; path = MJIvar.m; sourceTree = "<group>"; };
		819176B01CFA4AAA0079BDDC /* MJMember.h */ = {isa = PBXFileReference; fileEncoding = 4; lastKnownFileType = sourcecode.c.h; path = MJMember.h; sourceTree = "<group>"; };
		819176B11CFA4AAA0079BDDC /* MJMember.m */ = {isa = PBXFileReference; fileEncoding = 4; lastKnownFileType = sourcecode.c.objc; path = MJMember.m; sourceTree = "<group>"; };
		819176B21CFA4AAA0079BDDC /* MJMethod.h */ = {isa = PBXFileReference; fileEncoding = 4; lastKnownFileType = sourcecode.c.h; path = MJMethod.h; sourceTree = "<group>"; };
		819176B31CFA4AAA0079BDDC /* MJMethod.m */ = {isa = PBXFileReference; fileEncoding = 4; lastKnownFileType = sourcecode.c.objc; path = MJMethod.m; sourceTree = "<group>"; };
		819176B41CFA4AAA0079BDDC /* MJType.h */ = {isa = PBXFileReference; fileEncoding = 4; lastKnownFileType = sourcecode.c.h; path = MJType.h; sourceTree = "<group>"; };
		819176B51CFA4AAA0079BDDC /* MJType.m */ = {isa = PBXFileReference; fileEncoding = 4; lastKnownFileType = sourcecode.c.objc; path = MJType.m; sourceTree = "<group>"; };
		819176B61CFA4AAA0079BDDC /* MJTypeEncoding.h */ = {isa = PBXFileReference; fileEncoding = 4; lastKnownFileType = sourcecode.c.h; path = MJTypeEncoding.h; sourceTree = "<group>"; };
		819176B71CFA4AAA0079BDDC /* MJTypeEncoding.m */ = {isa = PBXFileReference; fileEncoding = 4; lastKnownFileType = sourcecode.c.objc; path = MJTypeEncoding.m; sourceTree = "<group>"; };
		819176B81CFA4AAA0079BDDC /* NSObject+MJCoding.h */ = {isa = PBXFileReference; fileEncoding = 4; lastKnownFileType = sourcecode.c.h; path = "NSObject+MJCoding.h"; sourceTree = "<group>"; };
		819176B91CFA4AAA0079BDDC /* NSObject+MJCoding.m */ = {isa = PBXFileReference; fileEncoding = 4; lastKnownFileType = sourcecode.c.objc; path = "NSObject+MJCoding.m"; sourceTree = "<group>"; };
		819176BA1CFA4AAA0079BDDC /* NSObject+MJKeyValue.h */ = {isa = PBXFileReference; fileEncoding = 4; lastKnownFileType = sourcecode.c.h; path = "NSObject+MJKeyValue.h"; sourceTree = "<group>"; };
		819176BB1CFA4AAA0079BDDC /* NSObject+MJKeyValue.m */ = {isa = PBXFileReference; fileEncoding = 4; lastKnownFileType = sourcecode.c.objc; path = "NSObject+MJKeyValue.m"; sourceTree = "<group>"; };
		819176BC1CFA4AAA0079BDDC /* NSObject+MJMember.h */ = {isa = PBXFileReference; fileEncoding = 4; lastKnownFileType = sourcecode.c.h; path = "NSObject+MJMember.h"; sourceTree = "<group>"; };
		819176BD1CFA4AAA0079BDDC /* NSObject+MJMember.m */ = {isa = PBXFileReference; fileEncoding = 4; lastKnownFileType = sourcecode.c.objc; path = "NSObject+MJMember.m"; sourceTree = "<group>"; };
		819176CB1CFA4AF10079BDDC /* 1.plist */ = {isa = PBXFileReference; fileEncoding = 4; lastKnownFileType = text.plist.xml; name = 1.plist; path = HMWaterflow/1.plist; sourceTree = "<group>"; };
		819176CC1CFA4AF10079BDDC /* 2.plist */ = {isa = PBXFileReference; fileEncoding = 4; lastKnownFileType = text.plist.xml; name = 2.plist; path = HMWaterflow/2.plist; sourceTree = "<group>"; };
		819176D81CFA50840079BDDC /* HBXFirstViewController.h */ = {isa = PBXFileReference; fileEncoding = 4; lastKnownFileType = sourcecode.c.h; path = HBXFirstViewController.h; sourceTree = "<group>"; };
		819176D91CFA50840079BDDC /* HBXFirstViewController.m */ = {isa = PBXFileReference; fileEncoding = 4; lastKnownFileType = sourcecode.c.objc; path = HBXFirstViewController.m; sourceTree = "<group>"; };
		819176DA1CFA50840079BDDC /* HBXFirstViewController.xib */ = {isa = PBXFileReference; fileEncoding = 4; lastKnownFileType = file.xib; path = HBXFirstViewController.xib; sourceTree = "<group>"; };
		819176DD1CFA51A10079BDDC /* HBXWaterFlowViewController.h */ = {isa = PBXFileReference; fileEncoding = 4; lastKnownFileType = sourcecode.c.h; path = HBXWaterFlowViewController.h; sourceTree = "<group>"; };
		819176DE1CFA51A10079BDDC /* HBXWaterFlowViewController.m */ = {isa = PBXFileReference; fileEncoding = 4; lastKnownFileType = sourcecode.c.objc; path = HBXWaterFlowViewController.m; sourceTree = "<group>"; };
/* End PBXFileReference section */

/* Begin PBXFrameworksBuildPhase section */
		819176841CFA49D10079BDDC /* Frameworks */ = {
			isa = PBXFrameworksBuildPhase;
			buildActionMask = 2147483647;
			files = (
			);
			runOnlyForDeploymentPostprocessing = 0;
		};
/* End PBXFrameworksBuildPhase section */

/* Begin PBXGroup section */
		8191767E1CFA49D10079BDDC = {
			isa = PBXGroup;
			children = (
				819176CB1CFA4AF10079BDDC /* 1.plist */,
				819176CC1CFA4AF10079BDDC /* 2.plist */,
				819176A11CFA4AAA0079BDDC /* HMWaterflow */,
				819176A61CFA4AAA0079BDDC /* MJExtension */,
				819176891CFA49D10079BDDC /* HMWaterflow */,
				819176881CFA49D10079BDDC /* Products */,
			);
			sourceTree = "<group>";
		};
		819176881CFA49D10079BDDC /* Products */ = {
			isa = PBXGroup;
			children = (
				819176871CFA49D10079BDDC /* HMWaterflow.app */,
			);
			name = Products;
			sourceTree = "<group>";
		};
		819176891CFA49D10079BDDC /* HMWaterflow */ = {
			isa = PBXGroup;
			children = (
				8191768D1CFA49D10079BDDC /* AppDelegate.h */,
				8191768E1CFA49D10079BDDC /* AppDelegate.m */,
				819176901CFA49D10079BDDC /* ViewController.h */,
				819176911CFA49D10079BDDC /* ViewController.m */,
				819176D81CFA50840079BDDC /* HBXFirstViewController.h */,
				819176D91CFA50840079BDDC /* HBXFirstViewController.m */,
				819176DA1CFA50840079BDDC /* HBXFirstViewController.xib */,
				819176DD1CFA51A10079BDDC /* HBXWaterFlowViewController.h */,
				819176DE1CFA51A10079BDDC /* HBXWaterFlowViewController.m */,
				819176961CFA49D10079BDDC /* Assets.xcassets */,
				819176981CFA49D10079BDDC /* LaunchScreen.storyboard */,
				8191769B1CFA49D10079BDDC /* Info.plist */,
				8191768A1CFA49D10079BDDC /* Supporting Files */,
			);
			path = HMWaterflow;
			sourceTree = "<group>";
		};
		8191768A1CFA49D10079BDDC /* Supporting Files */ = {
			isa = PBXGroup;
			children = (
				8191768B1CFA49D10079BDDC /* main.m */,
			);
			name = "Supporting Files";
			sourceTree = "<group>";
		};
		819176A11CFA4AAA0079BDDC /* HMWaterflow */ = {
			isa = PBXGroup;
			children = (
				819176A21CFA4AAA0079BDDC /* HMWaterflowView.h */,
				819176A31CFA4AAA0079BDDC /* HMWaterflowView.m */,
				819176A41CFA4AAA0079BDDC /* HMWaterflowViewCell.h */,
				819176A51CFA4AAA0079BDDC /* HMWaterflowViewCell.m */,
			);
			name = HMWaterflow;
			path = HMWaterflow/HMWaterflow;
			sourceTree = "<group>";
		};
		819176A61CFA4AAA0079BDDC /* MJExtension */ = {
			isa = PBXGroup;
			children = (
				819176A71CFA4AAA0079BDDC /* MJArgument.h */,
				819176A81CFA4AAA0079BDDC /* MJArgument.m */,
				819176A91CFA4AAA0079BDDC /* MJConst.h */,
				819176AA1CFA4AAA0079BDDC /* MJConst.m */,
				819176AB1CFA4AAA0079BDDC /* MJExtension.h */,
				819176AC1CFA4AAA0079BDDC /* MJFoundation.h */,
				819176AD1CFA4AAA0079BDDC /* MJFoundation.m */,
				819176AE1CFA4AAA0079BDDC /* MJIvar.h */,
				819176AF1CFA4AAA0079BDDC /* MJIvar.m */,
				819176B01CFA4AAA0079BDDC /* MJMember.h */,
				819176B11CFA4AAA0079BDDC /* MJMember.m */,
				819176B21CFA4AAA0079BDDC /* MJMethod.h */,
				819176B31CFA4AAA0079BDDC /* MJMethod.m */,
				819176B41CFA4AAA0079BDDC /* MJType.h */,
				819176B51CFA4AAA0079BDDC /* MJType.m */,
				819176B61CFA4AAA0079BDDC /* MJTypeEncoding.h */,
				819176B71CFA4AAA0079BDDC /* MJTypeEncoding.m */,
				819176B81CFA4AAA0079BDDC /* NSObject+MJCoding.h */,
				819176B91CFA4AAA0079BDDC /* NSObject+MJCoding.m */,
				819176BA1CFA4AAA0079BDDC /* NSObject+MJKeyValue.h */,
				819176BB1CFA4AAA0079BDDC /* NSObject+MJKeyValue.m */,
				819176BC1CFA4AAA0079BDDC /* NSObject+MJMember.h */,
				819176BD1CFA4AAA0079BDDC /* NSObject+MJMember.m */,
			);
			name = MJExtension;
			path = HMWaterflow/MJExtension;
			sourceTree = "<group>";
		};
/* End PBXGroup section */

/* Begin PBXNativeTarget section */
		819176861CFA49D10079BDDC /* HMWaterflow */ = {
			isa = PBXNativeTarget;
			buildConfigurationList = 8191769E1CFA49D10079BDDC /* Build configuration list for PBXNativeTarget "HMWaterflow" */;
			buildPhases = (
				819176831CFA49D10079BDDC /* Sources */,
				819176841CFA49D10079BDDC /* Frameworks */,
				819176851CFA49D10079BDDC /* Resources */,
			);
			buildRules = (
			);
			dependencies = (
			);
			name = HMWaterflow;
			productName = HMWaterflow;
			productReference = 819176871CFA49D10079BDDC /* HMWaterflow.app */;
			productType = "com.apple.product-type.application";
		};
/* End PBXNativeTarget section */

/* Begin PBXProject section */
		8191767F1CFA49D10079BDDC /* Project object */ = {
			isa = PBXProject;
			attributes = {
				LastUpgradeCheck = 0720;
				ORGANIZATIONNAME = "黄保贤";
				TargetAttributes = {
					819176861CFA49D10079BDDC = {
						CreatedOnToolsVersion = 7.2;
					};
				};
			};
			buildConfigurationList = 819176821CFA49D10079BDDC /* Build configuration list for PBXProject "HMWaterflow" */;
			compatibilityVersion = "Xcode 3.2";
			developmentRegion = English;
			hasScannedForEncodings = 0;
			knownRegions = (
				en,
				Base,
			);
			mainGroup = 8191767E1CFA49D10079BDDC;
			productRefGroup = 819176881CFA49D10079BDDC /* Products */;
			projectDirPath = "";
			projectRoot = "";
			targets = (
				819176861CFA49D10079BDDC /* HMWaterflow */,
			);
		};
/* End PBXProject section */

/* Begin PBXResourcesBuildPhase section */
		819176851CFA49D10079BDDC /* Resources */ = {
			isa = PBXResourcesBuildPhase;
			buildActionMask = 2147483647;
			files = (
				819176DC1CFA50840079BDDC /* HBXFirstViewController.xib in Resources */,
				8191769A1CFA49D10079BDDC /* LaunchScreen.storyboard in Resources */,
				819176CE1CFA4AF10079BDDC /* 2.plist in Resources */,
				819176971CFA49D10079BDDC /* Assets.xcassets in Resources */,
				819176CD1CFA4AF10079BDDC /* 1.plist in Resources */,
			);
			runOnlyForDeploymentPostprocessing = 0;
		};
/* End PBXResourcesBuildPhase section */

/* Begin PBXSourcesBuildPhase section */
		819176831CFA49D10079BDDC /* Sources */ = {
			isa = PBXSourcesBuildPhase;
			buildActionMask = 2147483647;
			files = (
				819176DB1CFA50840079BDDC /* HBXFirstViewController.m in Sources */,
				819176CA1CFA4AAA0079BDDC /* NSObject+MJMember.m in Sources */,
				819176C81CFA4AAA0079BDDC /* NSObject+MJCoding.m in Sources */,
				819176C31CFA4AAA0079BDDC /* MJIvar.m in Sources */,
				819176C71CFA4AAA0079BDDC /* MJTypeEncoding.m in Sources */,
				819176921CFA49D10079BDDC /* ViewController.m in Sources */,
				819176C01CFA4AAA0079BDDC /* MJArgument.m in Sources */,
				819176DF1CFA51A10079BDDC /* HBXWaterFlowViewController.m in Sources */,
				819176C11CFA4AAA0079BDDC /* MJConst.m in Sources */,
				819176C61CFA4AAA0079BDDC /* MJType.m in Sources */,
				8191768F1CFA49D10079BDDC /* AppDelegate.m in Sources */,
				8191768C1CFA49D10079BDDC /* main.m in Sources */,
				819176BE1CFA4AAA0079BDDC /* HMWaterflowView.m in Sources */,
				819176C51CFA4AAA0079BDDC /* MJMethod.m in Sources */,
				819176BF1CFA4AAA0079BDDC /* HMWaterflowViewCell.m in Sources */,
				819176C41CFA4AAA0079BDDC /* MJMember.m in Sources */,
				819176C91CFA4AAA0079BDDC /* NSObject+MJKeyValue.m in Sources */,
				819176C21CFA4AAA0079BDDC /* MJFoundation.m in Sources */,
			);
			runOnlyForDeploymentPostprocessing = 0;
		};
/* End PBXSourcesBuildPhase section */

/* Begin PBXVariantGroup section */
		819176981CFA49D10079BDDC /* LaunchScreen.storyboard */ = {
			isa = PBXVariantGroup;
			children = (
				819176991CFA49D10079BDDC /* Base */,
			);
			name = LaunchScreen.storyboard;
			sourceTree = "<group>";
		};
/* End PBXVariantGroup section */

/* Begin XCBuildConfiguration section */
		8191769C1CFA49D10079BDDC /* Debug */ = {
			isa = XCBuildConfiguration;
			buildSettings = {
				ALWAYS_SEARCH_USER_PATHS = NO;
				CLANG_CXX_LANGUAGE_STANDARD = "gnu++0x";
				CLANG_CXX_LIBRARY = "libc++";
				CLANG_ENABLE_MODULES = YES;
				CLANG_ENABLE_OBJC_ARC = YES;
				CLANG_WARN_BOOL_CONVERSION = YES;
				CLANG_WARN_CONSTANT_CONVERSION = YES;
				CLANG_WARN_DIRECT_OBJC_ISA_USAGE = YES_ERROR;
				CLANG_WARN_EMPTY_BODY = YES;
				CLANG_WARN_ENUM_CONVERSION = YES;
				CLANG_WARN_INT_CONVERSION = YES;
				CLANG_WARN_OBJC_ROOT_CLASS = YES_ERROR;
				CLANG_WARN_UNREACHABLE_CODE = YES;
				CLANG_WARN__DUPLICATE_METHOD_MATCH = YES;
				"CODE_SIGN_IDENTITY[sdk=iphoneos*]" = "iPhone Developer";
				COPY_PHASE_STRIP = NO;
				DEBUG_INFORMATION_FORMAT = dwarf;
				ENABLE_STRICT_OBJC_MSGSEND = YES;
				ENABLE_TESTABILITY = YES;
				GCC_C_LANGUAGE_STANDARD = gnu99;
				GCC_DYNAMIC_NO_PIC = NO;
				GCC_NO_COMMON_BLOCKS = YES;
				GCC_OPTIMIZATION_LEVEL = 0;
				GCC_PREPROCESSOR_DEFINITIONS = (
					"DEBUG=1",
					"$(inherited)",
				);
				GCC_WARN_64_TO_32_BIT_CONVERSION = YES;
				GCC_WARN_ABOUT_RETURN_TYPE = YES_ERROR;
				GCC_WARN_UNDECLARED_SELECTOR = YES;
				GCC_WARN_UNINITIALIZED_AUTOS = YES_AGGRESSIVE;
				GCC_WARN_UNUSED_FUNCTION = YES;
				GCC_WARN_UNUSED_VARIABLE = YES;
				IPHONEOS_DEPLOYMENT_TARGET = 9.2;
				MTL_ENABLE_DEBUG_INFO = YES;
				ONLY_ACTIVE_ARCH = YES;
				SDKROOT = iphoneos;
				TARGETED_DEVICE_FAMILY = "1,2";
			};
			name = Debug;
		};
		8191769D1CFA49D10079BDDC /* Release */ = {
			isa = XCBuildConfiguration;
			buildSettings = {
				ALWAYS_SEARCH_USER_PATHS = NO;
				CLANG_CXX_LANGUAGE_STANDARD = "gnu++0x";
				CLANG_CXX_LIBRARY = "libc++";
				CLANG_ENABLE_MODULES = YES;
				CLANG_ENABLE_OBJC_ARC = YES;
				CLANG_WARN_BOOL_CONVERSION = YES;
				CLANG_WARN_CONSTANT_CONVERSION = YES;
				CLANG_WARN_DIRECT_OBJC_ISA_USAGE = YES_ERROR;
				CLANG_WARN_EMPTY_BODY = YES;
				CLANG_WARN_ENUM_CONVERSION = YES;
				CLANG_WARN_INT_CONVERSION = YES;
				CLANG_WARN_OBJC_ROOT_CLASS = YES_ERROR;
				CLANG_WARN_UNREACHABLE_CODE = YES;
				CLANG_WARN__DUPLICATE_METHOD_MATCH = YES;
				"CODE_SIGN_IDENTITY[sdk=iphoneos*]" = "iPhone Developer";
				COPY_PHASE_STRIP = NO;
				DEBUG_INFORMATION_FORMAT = "dwarf-with-dsym";
				ENABLE_NS_ASSERTIONS = NO;
				ENABLE_STRICT_OBJC_MSGSEND = YES;
				GCC_C_LANGUAGE_STANDARD = gnu99;
				GCC_NO_COMMON_BLOCKS = YES;
				GCC_WARN_64_TO_32_BIT_CONVERSION = YES;
				GCC_WARN_ABOUT_RETURN_TYPE = YES_ERROR;
				GCC_WARN_UNDECLARED_SELECTOR = YES;
				GCC_WARN_UNINITIALIZED_AUTOS = YES_AGGRESSIVE;
				GCC_WARN_UNUSED_FUNCTION = YES;
				GCC_WARN_UNUSED_VARIABLE = YES;
				IPHONEOS_DEPLOYMENT_TARGET = 9.2;
				MTL_ENABLE_DEBUG_INFO = NO;
				SDKROOT = iphoneos;
				TARGETED_DEVICE_FAMILY = "1,2";
				VALIDATE_PRODUCT = YES;
			};
			name = Release;
		};
		8191769F1CFA49D10079BDDC /* Debug */ = {
			isa = XCBuildConfiguration;
			buildSettings = {
				ASSETCATALOG_COMPILER_APPICON_NAME = AppIcon;
				INFOPLIST_FILE = HMWaterflow/Info.plist;
				LD_RUNPATH_SEARCH_PATHS = "$(inherited) @executable_path/Frameworks";
				PRODUCT_BUNDLE_IDENTIFIER = com..HMWaterflow;
				PRODUCT_NAME = "$(TARGET_NAME)";
			};
			name = Debug;
		};
		819176A01CFA49D10079BDDC /* Release */ = {
			isa = XCBuildConfiguration;
			buildSettings = {
				ASSETCATALOG_COMPILER_APPICON_NAME = AppIcon;
				INFOPLIST_FILE = HMWaterflow/Info.plist;
				LD_RUNPATH_SEARCH_PATHS = "$(inherited) @executable_path/Frameworks";
				PRODUCT_BUNDLE_IDENTIFIER = com..HMWaterflow;
				PRODUCT_NAME = "$(TARGET_NAME)";
			};
			name = Release;
		};
/* End XCBuildConfiguration section */

/* Begin XCConfigurationList section */
		819176821CFA49D10079BDDC /* Build configuration list for PBXProject "HMWaterflow" */ = {
			isa = XCConfigurationList;
			buildConfigurations = (
				8191769C1CFA49D10079BDDC /* Debug */,
				8191769D1CFA49D10079BDDC /* Release */,
			);
			defaultConfigurationIsVisible = 0;
			defaultConfigurationName = Release;
		};
		8191769E1CFA49D10079BDDC /* Build configuration list for PBXNativeTarget "HMWaterflow" */ = {
			isa = XCConfigurationList;
			buildConfigurations = (
				8191769F1CFA49D10079BDDC /* Debug */,
				819176A01CFA49D10079BDDC /* Release */,
			);
			defaultConfigurationIsVisible = 0;
		};
/* End XCConfigurationList section */
	};
	rootObject = 8191767F1CFA49D10079BDDC /* Project object */;
}
